
Microsoft Visual Studio Solution File, Format Version 12.00
# Visual Studio 2013
VisualStudioVersion = 12.0.21005.1
MinimumVisualStudioVersion = 10.0.40219.1
Project("{FAE04EC0-301F-11D3-BF4B-00C04F79EFBC}") = "Broker.Models", "Broker.Models\Broker.Models.csproj", "{AC19D860-C6D4-48F5-91C2-9945D4928A27}"
EndProject
Project("{FAE04EC0-301F-11D3-BF4B-00C04F79EFBC}") = "Broker.Data", "Broker.Data\Broker.Data.csproj", "{998A0D15-3B82-4D7E-A9B2-E2FBF30F956A}"
EndProject
Project("{FAE04EC0-301F-11D3-BF4B-00C04F79EFBC}") = "Broker.Web", "Broker.Web\Broker.Web.csproj", "{9144041F-50EC-4574-9CD9-C1DA59413ACA}"
EndProject
Global
	GlobalSection(SolutionConfigurationPlatforms) = preSolution
		Debug|Any CPU = Debug|Any CPU
		Release|Any CPU = Release|Any CPU
	EndGlobalSection
	GlobalSection(ProjectConfigurationPlatforms) = postSolution
		{AC19D860-C6D4-48F5-91C2-9945D4928A27}.Debug|Any CPU.ActiveCfg = Debug|Any CPU
		{AC19D860-C6D4-48F5-91C2-9945D4928A27}.Debug|Any CPU.Build.0 = Debug|Any CPU
		{AC19D860-C6D4-48F5-91C2-9945D4928A27}.Release|Any CPU.ActiveCfg = Release|Any CPU
		{AC19D860-C6D4-48F5-91C2-9945D4928A27}.Release|Any CPU.Build.0 = Release|Any CPU
		{998A0D15-3B82-4D7E-A9B2-E2FBF30F956A}.Debug|Any CPU.ActiveCfg = Debug|Any CPU
		{998A0D15-3B82-4D7E-A9B2-E2FBF30F956A}.Debug|Any CPU.Build.0 = Debug|Any CPU
		{998A0D15-3B82-4D7E-A9B2-E2FBF30F956A}.Release|Any CPU.ActiveCfg = Release|Any CPU
		{998A0D15-3B82-4D7E-A9B2-E2FBF30F956A}.Release|Any CPU.Build.0 = Release|Any CPU
		{9144041F-50EC-4574-9CD9-C1DA59413ACA}.Debug|Any CPU.ActiveCfg = Debug|Any CPU
		{9144041F-50EC-4574-9CD9-C1DA59413ACA}.Debug|Any CPU.Build.0 = Debug|Any CPU
		{9144041F-50EC-4574-9CD9-C1DA59413ACA}.Release|Any CPU.ActiveCfg = Release|Any CPU
		{9144041F-50EC-4574-9CD9-C1DA59413ACA}.Release|Any CPU.Build.0 = Release|Any CPU
	EndGlobalSection
	GlobalSection(SolutionProperties) = preSolution
		HideSolutionNode = FALSE
	EndGlobalSection
EndGlobal
